// !$*UTF8*$!
{
	archiveVersion = 1;
	classes = {
	};
	objectVersion = 55;
	objects = {

/* Begin PBXBuildFile section */
		6FB3ECF427B3B98600D9A0A6 /* CanDoItApp.swift in Sources */ = {isa = PBXBuildFile; fileRef = 6FB3ECF327B3B98600D9A0A6 /* CanDoItApp.swift */; };
		6FB3ECF627B3B98600D9A0A6 /* ContentView.swift in Sources */ = {isa = PBXBuildFile; fileRef = 6FB3ECF527B3B98600D9A0A6 /* ContentView.swift */; };
		6FB3ECF827B3B98700D9A0A6 /* Assets.xcassets in Resources */ = {isa = PBXBuildFile; fileRef = 6FB3ECF727B3B98700D9A0A6 /* Assets.xcassets */; };
		6FB3ECFB27B3B98700D9A0A6 /* Preview Assets.xcassets in Resources */ = {isa = PBXBuildFile; fileRef = 6FB3ECFA27B3B98700D9A0A6 /* Preview Assets.xcassets */; };
		6FB3ECFD27B3B98700D9A0A6 /* Persistence.swift in Sources */ = {isa = PBXBuildFile; fileRef = 6FB3ECFC27B3B98700D9A0A6 /* Persistence.swift */; };
		6FB3ED0027B3B98700D9A0A6 /* CanDoIt.xcdatamodeld in Sources */ = {isa = PBXBuildFile; fileRef = 6FB3ECFE27B3B98700D9A0A6 /* CanDoIt.xcdatamodeld */; };
		6FB3ED0727B3BA8A00D9A0A6 /* Secretary.swift in Sources */ = {isa = PBXBuildFile; fileRef = 6FB3ED0627B3BA8A00D9A0A6 /* Secretary.swift */; };
/* End PBXBuildFile section */

/* Begin PBXFileReference section */
		6FB3ECF027B3B98600D9A0A6 /* CanDoIt.app */ = {isa = PBXFileReference; explicitFileType = wrapper.application; includeInIndex = 0; path = CanDoIt.app; sourceTree = BUILT_PRODUCTS_DIR; };
		6FB3ECF327B3B98600D9A0A6 /* CanDoItApp.swift */ = {isa = PBXFileReference; lastKnownFileType = sourcecode.swift; path = CanDoItApp.swift; sourceTree = "<group>"; };
		6FB3ECF527B3B98600D9A0A6 /* ContentView.swift */ = {isa = PBXFileReference; lastKnownFileType = sourcecode.swift; path = ContentView.swift; sourceTree = "<group>"; };
		6FB3ECF727B3B98700D9A0A6 /* Assets.xcassets */ = {isa = PBXFileReference; lastKnownFileType = folder.assetcatalog; path = Assets.xcassets; sourceTree = "<group>"; };
		6FB3ECFA27B3B98700D9A0A6 /* Preview Assets.xcassets */ = {isa = PBXFileReference; lastKnownFileType = folder.assetcatalog; path = "Preview Assets.xcassets"; sourceTree = "<group>"; };
		6FB3ECFC27B3B98700D9A0A6 /* Persistence.swift */ = {isa = PBXFileReference; lastKnownFileType = sourcecode.swift; path = Persistence.swift; sourceTree = "<group>"; };
		6FB3ECFF27B3B98700D9A0A6 /* CanDoIt.xcdatamodel */ = {isa = PBXFileReference; lastKnownFileType = wrapper.xcdatamodel; path = CanDoIt.xcdatamodel; sourceTree = "<group>"; };
		6FB3ED0627B3BA8A00D9A0A6 /* Secretary.swift */ = {isa = PBXFileReference; lastKnownFileType = sourcecode.swift; path = Secretary.swift; sourceTree = "<group>"; };
/* End PBXFileReference section */

/* Begin PBXFrameworksBuildPhase section */
		6FB3ECED27B3B98600D9A0A6 /* Frameworks */ = {
			isa = PBXFrameworksBuildPhase;
			buildActionMask = 2147483647;
			files = (
			);
			runOnlyForDeploymentPostprocessing = 0;
		};
/* End PBXFrameworksBuildPhase section */

/* Begin PBXGroup section */
		6FB3ECE727B3B98600D9A0A6 = {
			isa = PBXGroup;
			children = (
				6FB3ECF227B3B98600D9A0A6 /* CanDoIt */,
				6FB3ECF127B3B98600D9A0A6 /* Products */,
			);
			sourceTree = "<group>";
		};
		6FB3ECF127B3B98600D9A0A6 /* Products */ = {
			isa = PBXGroup;
			children = (
				6FB3ECF027B3B98600D9A0A6 /* CanDoIt.app */,
			);
			name = Products;
			sourceTree = "<group>";
		};
		6FB3ECF227B3B98600D9A0A6 /* CanDoIt */ = {
			isa = PBXGroup;
			children = (
				6FB3ECF327B3B98600D9A0A6 /* CanDoItApp.swift */,
				6FB3ECF527B3B98600D9A0A6 /* ContentView.swift */,
				6FB3ED0627B3BA8A00D9A0A6 /* Secretary.swift */,
				6FB3ECF727B3B98700D9A0A6 /* Assets.xcassets */,
				6FB3ECFC27B3B98700D9A0A6 /* Persistence.swift */,
				6FB3ECFE27B3B98700D9A0A6 /* CanDoIt.xcdatamodeld */,
				6FB3ECF927B3B98700D9A0A6 /* Preview Content */,
			);
			path = CanDoIt;
			sourceTree = "<group>";
		};
		6FB3ECF927B3B98700D9A0A6 /* Preview Content */ = {
			isa = PBXGroup;
			children = (
				6FB3ECFA27B3B98700D9A0A6 /* Preview Assets.xcassets */,
			);
			path = "Preview Content";
			sourceTree = "<group>";
		};
/* End PBXGroup section */

/* Begin PBXNativeTarget section */
		6FB3ECEF27B3B98600D9A0A6 /* CanDoIt */ = {
			isa = PBXNativeTarget;
			buildConfigurationList = 6FB3ED0327B3B98700D9A0A6 /* Build configuration list for PBXNativeTarget "CanDoIt" */;
			buildPhases = (
				6FB3ECEC27B3B98600D9A0A6 /* Sources */,
				6FB3ECED27B3B98600D9A0A6 /* Frameworks */,
				6FB3ECEE27B3B98600D9A0A6 /* Resources */,
			);
			buildRules = (
			);
			dependencies = (
			);
			name = CanDoIt;
			productName = CanDoIt;
			productReference = 6FB3ECF027B3B98600D9A0A6 /* CanDoIt.app */;
			productType = "com.apple.product-type.application";
		};
/* End PBXNativeTarget section */

/* Begin PBXProject section */
		6FB3ECE827B3B98600D9A0A6 /* Project object */ = {
			isa = PBXProject;
			attributes = {
				BuildIndependentTargetsInParallel = 1;
				LastSwiftUpdateCheck = 1320;
				LastUpgradeCheck = 1320;
				TargetAttributes = {
					6FB3ECEF27B3B98600D9A0A6 = {
						CreatedOnToolsVersion = 13.2.1;
					};
				};
			};
			buildConfigurationList = 6FB3ECEB27B3B98600D9A0A6 /* Build configuration list for PBXProject "CanDoIt" */;
			compatibilityVersion = "Xcode 13.0";
			developmentRegion = en;
			hasScannedForEncodings = 0;
			knownRegions = (
				en,
				Base,
			);
			mainGroup = 6FB3ECE727B3B98600D9A0A6;
			productRefGroup = 6FB3ECF127B3B98600D9A0A6 /* Products */;
			projectDirPath = "";
			projectRoot = "";
			targets = (
				6FB3ECEF27B3B98600D9A0A6 /* CanDoIt */,
			);
		};
/* End PBXProject section */

/* Begin PBXResourcesBuildPhase section */
		6FB3ECEE27B3B98600D9A0A6 /* Resources */ = {
			isa = PBXResourcesBuildPhase;
			buildActionMask = 2147483647;
			files = (
				6FB3ECFB27B3B98700D9A0A6 /* Preview Assets.xcassets in Resources */,
				6FB3ECF827B3B98700D9A0A6 /* Assets.xcassets in Resources */,
			);
			runOnlyForDeploymentPostprocessing = 0;
		};
/* End PBXResourcesBuildPhase section */

/* Begin PBXSourcesBuildPhase section */
		6FB3ECEC27B3B98600D9A0A6 /* Sources */ = {
			isa = PBXSourcesBuildPhase;
			buildActionMask = 2147483647;
			files = (
				6FB3ECFD27B3B98700D9A0A6 /* Persistence.swift in Sources */,
				6FB3ED0727B3BA8A00D9A0A6 /* Secretary.swift in Sources */,
				6FB3ECF627B3B98600D9A0A6 /* ContentView.swift in Sources */,
				6FB3ED0027B3B98700D9A0A6 /* CanDoIt.xcdatamodeld in Sources */,
				6FB3ECF427B3B98600D9A0A6 /* CanDoItApp.swift in Sources */,
			);
			runOnlyForDeploymentPostprocessing = 0;
		};
/* End PBXSourcesBuildPhase section */

/* Begin XCBuildConfiguration section */
		6FB3ED0127B3B98700D9A0A6 /* Debug */ = {
			isa = XCBuildConfiguration;
			buildSettings = {
				ALWAYS_SEARCH_USER_PATHS = NO;
				CLANG_ANALYZER_NONNULL = YES;
				CLANG_ANALYZER_NUMBER_OBJECT_CONVERSION = YES_AGGRESSIVE;
				CLANG_CXX_LANGUAGE_STANDARD = "gnu++17";
				CLANG_CXX_LIBRARY = "libc++";
				CLANG_ENABLE_MODULES = YES;
				CLANG_ENABLE_OBJC_ARC = YES;
				CLANG_ENABLE_OBJC_WEAK = YES;
				CLANG_WARN_BLOCK_CAPTURE_AUTORELEASING = YES;
				CLANG_WARN_BOOL_CONVERSION = YES;
				CLANG_WARN_COMMA = YES;
				CLANG_WARN_CONSTANT_CONVERSION = YES;
				CLANG_WARN_DEPRECATED_OBJC_IMPLEMENTATIONS = YES;
				CLANG_WARN_DIRECT_OBJC_ISA_USAGE = YES_ERROR;
				CLANG_WARN_DOCUMENTATION_COMMENTS = YES;
				CLANG_WARN_EMPTY_BODY = YES;
				CLANG_WARN_ENUM_CONVERSION = YES;
				CLANG_WARN_INFINITE_RECURSION = YES;
				CLANG_WARN_INT_CONVERSION = YES;
				CLANG_WARN_NON_LITERAL_NULL_CONVERSION = YES;
				CLANG_WARN_OBJC_IMPLICIT_RETAIN_SELF = YES;
				CLANG_WARN_OBJC_LITERAL_CONVERSION = YES;
				CLANG_WARN_OBJC_ROOT_CLASS = YES_ERROR;
				CLANG_WARN_QUOTED_INCLUDE_IN_FRAMEWORK_HEADER = YES;
				CLANG_WARN_RANGE_LOOP_ANALYSIS = YES;
				CLANG_WARN_STRICT_PROTOTYPES = YES;
				CLANG_WARN_SUSPICIOUS_MOVE = YES;
				CLANG_WARN_UNGUARDED_AVAILABILITY = YES_AGGRESSIVE;
				CLANG_WARN_UNREACHABLE_CODE = YES;
				CLANG_WARN__DUPLICATE_METHOD_MATCH = YES;
				COPY_PHASE_STRIP = NO;
				DEBUG_INFORMATION_FORMAT = dwarf;
				ENABLE_STRICT_OBJC_MSGSEND = YES;
				ENABLE_TESTABILITY = YES;
				GCC_C_LANGUAGE_STANDARD = gnu11;
				GCC_DYNAMIC_NO_PIC = NO;
				GCC_NO_COMMON_BLOCKS = YES;
				GCC_OPTIMIZATION_LEVEL = 0;
				GCC_PREPROCESSOR_DEFINITIONS = (
					"DEBUG=1",
					"$(inherited)",
				);
				GCC_WARN_64_TO_32_BIT_CONVERSION = YES;
				GCC_WARN_ABOUT_RETURN_TYPE = YES_ERROR;
				GCC_WARN_UNDECLARED_SELECTOR = YES;
				GCC_WARN_UNINITIALIZED_AUTOS = YES_AGGRESSIVE;
				GCC_WARN_UNUSED_FUNCTION = YES;
				GCC_WARN_UNUSED_VARIABLE = YES;
				IPHONEOS_DEPLOYMENT_TARGET = 15.2;
				MTL_ENABLE_DEBUG_INFO = INCLUDE_SOURCE;
				MTL_FAST_MATH = YES;
				ONLY_ACTIVE_ARCH = YES;
				SDKROOT = iphoneos;
				SWIFT_ACTIVE_COMPILATION_CONDITIONS = DEBUG;
				SWIFT_OPTIMIZATION_LEVEL = "-Onone";
			};
			name = Debug;
		};
		6FB3ED0227B3B98700D9A0A6 /* Release */ = {
			isa = XCBuildConfiguration;
			buildSettings = {
				ALWAYS_SEARCH_USER_PATHS = NO;
				CLANG_ANALYZER_NONNULL = YES;
				CLANG_ANALYZER_NUMBER_OBJECT_CONVERSION = YES_AGGRESSIVE;
				CLANG_CXX_LANGUAGE_STANDARD = "gnu++17";
				CLANG_CXX_LIBRARY = "libc++";
				CLANG_ENABLE_MODULES = YES;
				CLANG_ENABLE_OBJC_ARC = YES;
				CLANG_ENABLE_OBJC_WEAK = YES;
				CLANG_WARN_BLOCK_CAPTURE_AUTORELEASING = YES;
				CLANG_WARN_BOOL_CONVERSION = YES;
				CLANG_WARN_COMMA = YES;
				CLANG_WARN_CONSTANT_CONVERSION = YES;
				CLANG_WARN_DEPRECATED_OBJC_IMPLEMENTATIONS = YES;
				CLANG_WARN_DIRECT_OBJC_ISA_USAGE = YES_ERROR;
				CLANG_WARN_DOCUMENTATION_COMMENTS = YES;
				CLANG_WARN_EMPTY_BODY = YES;
				CLANG_WARN_ENUM_CONVERSION = YES;
				CLANG_WARN_INFINITE_RECURSION = YES;
				CLANG_WARN_INT_CONVERSION = YES;
				CLANG_WARN_NON_LITERAL_NULL_CONVERSION = YES;
				CLANG_WARN_OBJC_IMPLICIT_RETAIN_SELF = YES;
				CLANG_WARN_OBJC_LITERAL_CONVERSION = YES;
				CLANG_WARN_OBJC_ROOT_CLASS = YES_ERROR;
				CLANG_WARN_QUOTED_INCLUDE_IN_FRAMEWORK_HEADER = YES;
				CLANG_WARN_RANGE_LOOP_ANALYSIS = YES;
				CLANG_WARN_STRICT_PROTOTYPES = YES;
				CLANG_WARN_SUSPICIOUS_MOVE = YES;
				CLANG_WARN_UNGUARDED_AVAILABILITY = YES_AGGRESSIVE;
				CLANG_WARN_UNREACHABLE_CODE = YES;
				CLANG_WARN__DUPLICATE_METHOD_MATCH = YES;
				COPY_PHASE_STRIP = NO;
				DEBUG_INFORMATION_FORMAT = "dwarf-with-dsym";
				ENABLE_NS_ASSERTIONS = NO;
				ENABLE_STRICT_OBJC_MSGSEND = YES;
				GCC_C_LANGUAGE_STANDARD = gnu11;
				GCC_NO_COMMON_BLOCKS = YES;
				GCC_WARN_64_TO_32_BIT_CONVERSION = YES;
				GCC_WARN_ABOUT_RETURN_TYPE = YES_ERROR;
				GCC_WARN_UNDECLARED_SELECTOR = YES;
				GCC_WARN_UNINITIALIZED_AUTOS = YES_AGGRESSIVE;
				GCC_WARN_UNUSED_FUNCTION = YES;
				GCC_WARN_UNUSED_VARIABLE = YES;
				IPHONEOS_DEPLOYMENT_TARGET = 15.2;
				MTL_ENABLE_DEBUG_INFO = NO;
				MTL_FAST_MATH = YES;
				SDKROOT = iphoneos;
				SWIFT_COMPILATION_MODE = wholemodule;
				SWIFT_OPTIMIZATION_LEVEL = "-O";
				VALIDATE_PRODUCT = YES;
			};
			name = Release;
		};
		6FB3ED0427B3B98700D9A0A6 /* Debug */ = {
			isa = XCBuildConfiguration;
			buildSettings = {
				ASSETCATALOG_COMPILER_APPICON_NAME = AppIcon;
				ASSETCATALOG_COMPILER_GLOBAL_ACCENT_COLOR_NAME = AccentColor;
				CODE_SIGN_STYLE = Automatic;
				CURRENT_PROJECT_VERSION = 1;
				DEVELOPMENT_ASSET_PATHS = "\"CanDoIt/Preview Content\"";
				DEVELOPMENT_TEAM = JZR2Y3TGGZ;
				ENABLE_PREVIEWS = YES;
				GENERATE_INFOPLIST_FILE = YES;
				INFOPLIST_KEY_UIApplicationSceneManifest_Generation = YES;
				INFOPLIST_KEY_UIApplicationSupportsIndirectInputEvents = YES;
				INFOPLIST_KEY_UILaunchScreen_Generation = YES;
				INFOPLIST_KEY_UISupportedInterfaceOrientations_iPad = "UIInterfaceOrientationPortrait UIInterfaceOrientationPortraitUpsideDown UIInterfaceOrientationLandscapeLeft UIInterfaceOrientationLandscapeRight";
				INFOPLIST_KEY_UISupportedInterfaceOrientations_iPhone = "UIInterfaceOrientationPortrait UIInterfaceOrientationLandscapeLeft UIInterfaceOrientationLandscapeRight";
				LD_RUNPATH_SEARCH_PATHS = (
					"$(inherited)",
					"@executable_path/Frameworks",
				);
				MARKETING_VERSION = 1.0;
				PRODUCT_BUNDLE_IDENTIFIER = com.predein.CanDoIt;
				PRODUCT_NAME = "$(TARGET_NAME)";
				SWIFT_EMIT_LOC_STRINGS = YES;
				SWIFT_VERSION = 5.0;
				TARGETED_DEVICE_FAMILY = "1,2";
			};
			name = Debug;
		};
		6FB3ED0527B3B98700D9A0A6 /* Release */ = {
			isa = XCBuildConfiguration;
			buildSettings = {
				ASSETCATALOG_COMPILER_APPICON_NAME = AppIcon;
				ASSETCATALOG_COMPILER_GLOBAL_ACCENT_COLOR_NAME = AccentColor;
				CODE_SIGN_STYLE = Automatic;
				CURRENT_PROJECT_VERSION = 1;
				DEVELOPMENT_ASSET_PATHS = "\"CanDoIt/Preview Content\"";
				DEVELOPMENT_TEAM = JZR2Y3TGGZ;
				ENABLE_PREVIEWS = YES;
				GENERATE_INFOPLIST_FILE = YES;
				INFOPLIST_KEY_UIApplicationSceneManifest_Generation = YES;
				INFOPLIST_KEY_UIApplicationSupportsIndirectInputEvents = YES;
				INFOPLIST_KEY_UILaunchScreen_Generation = YES;
				INFOPLIST_KEY_UISupportedInterfaceOrientations_iPad = "UIInterfaceOrientationPortrait UIInterfaceOrientationPortraitUpsideDown UIInterfaceOrientationLandscapeLeft UIInterfaceOrientationLandscapeRight";
				INFOPLIST_KEY_UISupportedInterfaceOrientations_iPhone = "UIInterfaceOrientationPortrait UIInterfaceOrientationLandscapeLeft UIInterfaceOrientationLandscapeRight";
				LD_RUNPATH_SEARCH_PATHS = (
					"$(inherited)",
					"@executable_path/Frameworks",
				);
				MARKETING_VERSION = 1.0;
				PRODUCT_BUNDLE_IDENTIFIER = com.predein.CanDoIt;
				PRODUCT_NAME = "$(TARGET_NAME)";
				SWIFT_EMIT_LOC_STRINGS = YES;
				SWIFT_VERSION = 5.0;
				TARGETED_DEVICE_FAMILY = "1,2";
			};
			name = Release;
		};
/* End XCBuildConfiguration section */

/* Begin XCConfigurationList section */
		6FB3ECEB27B3B98600D9A0A6 /* Build configuration list for PBXProject "CanDoIt" */ = {
			isa = XCConfigurationList;
			buildConfigurations = (
				6FB3ED0127B3B98700D9A0A6 /* Debug */,
				6FB3ED0227B3B98700D9A0A6 /* Release */,
			);
			defaultConfigurationIsVisible = 0;
			defaultConfigurationName = Release;
		};
		6FB3ED0327B3B98700D9A0A6 /* Build configuration list for PBXNativeTarget "CanDoIt" */ = {
			isa = XCConfigurationList;
			buildConfigurations = (
				6FB3ED0427B3B98700D9A0A6 /* Debug */,
				6FB3ED0527B3B98700D9A0A6 /* Release */,
			);
			defaultConfigurationIsVisible = 0;
			defaultConfigurationName = Release;
		};
/* End XCConfigurationList section */

/* Begin XCVersionGroup section */
		6FB3ECFE27B3B98700D9A0A6 /* CanDoIt.xcdatamodeld */ = {
			isa = XCVersionGroup;
			children = (
				6FB3ECFF27B3B98700D9A0A6 /* CanDoIt.xcdatamodel */,
			);
			currentVersion = 6FB3ECFF27B3B98700D9A0A6 /* CanDoIt.xcdatamodel */;
			path = CanDoIt.xcdatamodeld;
			sourceTree = "<group>";
			versionGroupType = wrapper.xcdatamodel;
		};
/* End XCVersionGroup section */
	};
	rootObject = 6FB3ECE827B3B98600D9A0A6 /* Project object */;
}
